
Microsoft Visual Studio Solution File, Format Version 12.00
# Visual Studio Version 17
VisualStudioVersion = 17.14.36301.6 d17.14
MinimumVisualStudioVersion = 10.0.40219.1
Project("{FAE04EC0-301F-11D3-BF4B-00C04F79EFBC}") = "WebApi-PruebaDemo", "WebApi-PruebaDemo\WebApi-PruebaDemo.csproj", "{772EB10C-D328-4BC4-837C-B143E2CED8C6}"
EndProject
Global
	GlobalSection(SolutionConfigurationPlatforms) = preSolution
		Debug|Any CPU = Debug|Any CPU
		Release|Any CPU = Release|Any CPU
	EndGlobalSection
	GlobalSection(ProjectConfigurationPlatforms) = postSolution
		{772EB10C-D328-4BC4-837C-B143E2CED8C6}.Debug|Any CPU.ActiveCfg = Debug|Any CPU
		{772EB10C-D328-4BC4-837C-B143E2CED8C6}.Debug|Any CPU.Build.0 = Debug|Any CPU
		{772EB10C-D328-4BC4-837C-B143E2CED8C6}.Release|Any CPU.ActiveCfg = Release|Any CPU
		{772EB10C-D328-4BC4-837C-B143E2CED8C6}.Release|Any CPU.Build.0 = Release|Any CPU
	EndGlobalSection
	GlobalSection(SolutionProperties) = preSolution
		HideSolutionNode = FALSE
	EndGlobalSection
	GlobalSection(ExtensibilityGlobals) = postSolution
		SolutionGuid = {88CC3361-AA07-4159-A9E5-224A66DB7676}
	EndGlobalSection
EndGlobal
